
Microsoft Visual Studio Solution File, Format Version 12.00
# Visual Studio Version 16
VisualStudioVersion = 16.0.30413.136
MinimumVisualStudioVersion = 10.0.40219.1
Project("{FAE04EC0-301F-11D3-BF4B-00C04F79EFBC}") = "WebApplication1", "WebApplication1\WebApplication1.csproj", "{B59C6845-5BCF-4BCD-A00F-E6566135E04B}"
EndProject
Global
	GlobalSection(SolutionConfigurationPlatforms) = preSolution
		Debug|Any CPU = Debug|Any CPU
		Release|Any CPU = Release|Any CPU
	EndGlobalSection
	GlobalSection(ProjectConfigurationPlatforms) = postSolution
		{B59C6845-5BCF-4BCD-A00F-E6566135E04B}.Debug|Any CPU.ActiveCfg = Debug|Any CPU
		{B59C6845-5BCF-4BCD-A00F-E6566135E04B}.Debug|Any CPU.Build.0 = Debug|Any CPU
		{B59C6845-5BCF-4BCD-A00F-E6566135E04B}.Release|Any CPU.ActiveCfg = Release|Any CPU
		{B59C6845-5BCF-4BCD-A00F-E6566135E04B}.Release|Any CPU.Build.0 = Release|Any CPU
	EndGlobalSection
	GlobalSection(SolutionProperties) = preSolution
		HideSolutionNode = FALSE
	EndGlobalSection
	GlobalSection(ExtensibilityGlobals) = postSolution
		SolutionGuid = {80DC4E48-E32D-4EC6-B8E6-A46070CE246A}
	EndGlobalSection
EndGlobal
